
Microsoft Visual Studio Solution File, Format Version 11.00
# Visual Studio 2010
Project("{FAE04EC0-301F-11D3-BF4B-00C04F79EFBC}") = "mysqllayer", "mysqllayer\mysqllayer.csproj", "{0F0FB3FD-D88F-40CC-9500-E2BE2AA99624}"
EndProject
Global
	GlobalSection(SolutionConfigurationPlatforms) = preSolution
		Debug|Any CPU = Debug|Any CPU
		Release|Any CPU = Release|Any CPU
	EndGlobalSection
	GlobalSection(ProjectConfigurationPlatforms) = postSolution
		{0F0FB3FD-D88F-40CC-9500-E2BE2AA99624}.Debug|Any CPU.ActiveCfg = Debug|Any CPU
		{0F0FB3FD-D88F-40CC-9500-E2BE2AA99624}.Debug|Any CPU.Build.0 = Debug|Any CPU
		{0F0FB3FD-D88F-40CC-9500-E2BE2AA99624}.Release|Any CPU.ActiveCfg = Release|Any CPU
		{0F0FB3FD-D88F-40CC-9500-E2BE2AA99624}.Release|Any CPU.Build.0 = Release|Any CPU
	EndGlobalSection
	GlobalSection(SolutionProperties) = preSolution
		HideSolutionNode = FALSE
	EndGlobalSection
EndGlobal
